PODS:
  - Flutter (1.0.0)
  - integration_test (0.0.1):
    - Flutter
  - rive_common (0.0.1):
    - Flutter
  - rust_lib_locket (0.0.1):
    - Flutter

DEPENDENCIES:
  - Flutter (from `Flutter`)
  - integration_test (from `.symlinks/plugins/integration_test/ios`)
  - rive_common (from `.symlinks/plugins/rive_common/ios`)
  - rust_lib_locket (from `.symlinks/plugins/rust_lib_locket/ios`)

EXTERNAL SOURCES:
  Flutter:
    :path: Flutter
  integration_test:
    :path: ".symlinks/plugins/integration_test/ios"
  rive_common:
    :path: ".symlinks/plugins/rive_common/ios"
  rust_lib_locket:
    :path: ".symlinks/plugins/rust_lib_locket/ios"

SPEC CHECKSUMS:
  Flutter: e0871f40cf51350855a761d2e70bf5af5b9b5de7
  integration_test: ce0a3ffa1de96d1a89ca0ac26fca7ea18a749ef4
  rive_common: cbbac3192af00d7341f19dae2f26298e9e37d99e
  rust_lib_locket: c8e3d11605931b090210ddc0bd507d890c7092ea

PODFILE CHECKSUM: 819463e6a0290f5a72f145ba7cde16e8b6ef0796

COCOAPODS: 1.15.2
